
Microsoft Visual Studio Solution File, Format Version 12.00
# Visual Studio Version 16
VisualStudioVersion = 16.0.31402.337
MinimumVisualStudioVersion = 10.0.40219.1
Project("{FAE04EC0-301F-11D3-BF4B-00C04F79EFBC}") = "PowerMode", "PowerMode.csproj", "{9429938F-E27B-4AA6-867D-1B284B8CFF7A}"
EndProject
Global
	GlobalSection(SolutionConfigurationPlatforms) = preSolution
		Debug|Any CPU = Debug|Any CPU
		Release|Any CPU = Release|Any CPU
	EndGlobalSection
	GlobalSection(ProjectConfigurationPlatforms) = postSolution
		{9429938F-E27B-4AA6-867D-1B284B8CFF7A}.Debug|Any CPU.ActiveCfg = Debug|Any CPU
		{9429938F-E27B-4AA6-867D-1B284B8CFF7A}.Debug|Any CPU.Build.0 = Debug|Any CPU
		{9429938F-E27B-4AA6-867D-1B284B8CFF7A}.Release|Any CPU.ActiveCfg = Release|Any CPU
		{9429938F-E27B-4AA6-867D-1B284B8CFF7A}.Release|Any CPU.Build.0 = Release|Any CPU
	EndGlobalSection
	GlobalSection(SolutionProperties) = preSolution
		HideSolutionNode = FALSE
	EndGlobalSection
	GlobalSection(ExtensibilityGlobals) = postSolution
		SolutionGuid = {59BC935D-5529-4706-B0E7-3E52FA73CB7F}
	EndGlobalSection
EndGlobal
